
Microsoft Visual Studio Solution File, Format Version 12.00
# Visual Studio 14
VisualStudioVersion = 14.0.25420.1
MinimumVisualStudioVersion = 10.0.40219.1
Project("{FAE04EC0-301F-11D3-BF4B-00C04F79EFBC}") = "Odata", "Odata\Odata.csproj", "{80986345-002E-4765-BC0C-EBED26F4612E}"
EndProject
Project("{FAE04EC0-301F-11D3-BF4B-00C04F79EFBC}") = "ArrayVsList", "ArrayVsList\ArrayVsList.csproj", "{4EF7346C-F145-4206-AB19-7F541AA0134B}"
EndProject
Project("{FAE04EC0-301F-11D3-BF4B-00C04F79EFBC}") = "BenchmarkDotNet", "Library.BenchmarkDotNet\BenchmarkDotNet.csproj", "{CD6F4B84-7662-454E-BBE5-0C07CB426A83}"
EndProject
Project("{2150E333-8FDC-42A3-9474-1A3956D46DE8}") = "JavaScript", "JavaScript", "{7B704E9B-624D-4A9C-85D5-CBDF2EC0F26A}"
	ProjectSection(SolutionItems) = preProject
		JavaScript\dziedziczenie.html = JavaScript\dziedziczenie.html
		JavaScript\functionWithVar.html = JavaScript\functionWithVar.html
		JavaScript\new function.html = JavaScript\new function.html
		JavaScript\use strict.html = JavaScript\use strict.html
		JavaScript\var, let, const.html = JavaScript\var, let, const.html
		JavaScript\wzorzec memoization.html = JavaScript\wzorzec memoization.html
		JavaScript\wzorzec wmieszania.html = JavaScript\wzorzec wmieszania.html
	EndProjectSection
EndProject
Project("{2150E333-8FDC-42A3-9474-1A3956D46DE8}") = "C Sharp", "C Sharp", "{9C24E9CF-2F55-4485-B0B3-E024D2946388}"
EndProject
Project("{2150E333-8FDC-42A3-9474-1A3956D46DE8}") = "Libraries", "Libraries", "{7AAA0B07-DAFD-4593-B494-F7DCB9CE3AEA}"
EndProject
Project("{2150E333-8FDC-42A3-9474-1A3956D46DE8}") = "Technologies", "Technologies", "{F030C13E-426F-4642-9885-7AD7CBF2F563}"
EndProject
Project("{2150E333-8FDC-42A3-9474-1A3956D46DE8}") = "Features", "Features", "{6ED86963-66AF-496F-95C1-DC9E5CAB9921}"
EndProject
Project("{E24C65DC-7377-472B-9ABA-BC803B73C61A}") = "AngularJS", "AngularJS\", "{FFD6CA21-8691-4124-B7D6-70AB78BD29C5}"
	ProjectSection(WebsiteProperties) = preProject
		TargetFrameworkMoniker = ".NETFramework,Version%3Dv4.5.2"
		Debug.AspNetCompiler.VirtualPath = "/localhost_54852"
		Debug.AspNetCompiler.PhysicalPath = "AngularJS\"
		Debug.AspNetCompiler.TargetPath = "PrecompiledWeb\localhost_54852\"
		Debug.AspNetCompiler.Updateable = "true"
		Debug.AspNetCompiler.ForceOverwrite = "true"
		Debug.AspNetCompiler.FixedNames = "false"
		Debug.AspNetCompiler.Debug = "True"
		Release.AspNetCompiler.VirtualPath = "/localhost_54852"
		Release.AspNetCompiler.PhysicalPath = "AngularJS\"
		Release.AspNetCompiler.TargetPath = "PrecompiledWeb\localhost_54852\"
		Release.AspNetCompiler.Updateable = "true"
		Release.AspNetCompiler.ForceOverwrite = "true"
		Release.AspNetCompiler.FixedNames = "false"
		Release.AspNetCompiler.Debug = "False"
		VWDPort = "54852"
		SlnRelativePath = "AngularJS\"
		DefaultWebSiteLanguage = "Visual C#"
	EndProjectSection
EndProject
Project("{2150E333-8FDC-42A3-9474-1A3956D46DE8}") = "Pytania rekrutacyjne", "Pytania rekrutacyjne", "{8EEBFCCA-9650-4E80-88D3-568B18DC1B36}"
	ProjectSection(SolutionItems) = preProject
		Pytania rekrutacyjne\Bootastrap- grid system.html = Pytania rekrutacyjne\Bootastrap- grid system.html
		Pytania rekrutacyjne\CSS- dyrektywa important.html = Pytania rekrutacyjne\CSS- dyrektywa important.html
		Pytania rekrutacyjne\JavaScript- arguments.html = Pytania rekrutacyjne\JavaScript- arguments.html
		Pytania rekrutacyjne\JavaScript- var, let, const.html = Pytania rekrutacyjne\JavaScript- var, let, const.html
		Pytania rekrutacyjne\jQuery- selektory.html = Pytania rekrutacyjne\jQuery- selektory.html
	EndProjectSection
EndProject
Global
	GlobalSection(SolutionConfigurationPlatforms) = preSolution
		Debug|Any CPU = Debug|Any CPU
		Release|Any CPU = Release|Any CPU
	EndGlobalSection
	GlobalSection(ProjectConfigurationPlatforms) = postSolution
		{80986345-002E-4765-BC0C-EBED26F4612E}.Debug|Any CPU.ActiveCfg = Debug|Any CPU
		{80986345-002E-4765-BC0C-EBED26F4612E}.Debug|Any CPU.Build.0 = Debug|Any CPU
		{80986345-002E-4765-BC0C-EBED26F4612E}.Release|Any CPU.ActiveCfg = Release|Any CPU
		{80986345-002E-4765-BC0C-EBED26F4612E}.Release|Any CPU.Build.0 = Release|Any CPU
		{4EF7346C-F145-4206-AB19-7F541AA0134B}.Debug|Any CPU.ActiveCfg = Debug|Any CPU
		{4EF7346C-F145-4206-AB19-7F541AA0134B}.Debug|Any CPU.Build.0 = Debug|Any CPU
		{4EF7346C-F145-4206-AB19-7F541AA0134B}.Release|Any CPU.ActiveCfg = Release|Any CPU
		{4EF7346C-F145-4206-AB19-7F541AA0134B}.Release|Any CPU.Build.0 = Release|Any CPU
		{CD6F4B84-7662-454E-BBE5-0C07CB426A83}.Debug|Any CPU.ActiveCfg = Debug|Any CPU
		{CD6F4B84-7662-454E-BBE5-0C07CB426A83}.Debug|Any CPU.Build.0 = Debug|Any CPU
		{CD6F4B84-7662-454E-BBE5-0C07CB426A83}.Release|Any CPU.ActiveCfg = Release|Any CPU
		{CD6F4B84-7662-454E-BBE5-0C07CB426A83}.Release|Any CPU.Build.0 = Release|Any CPU
		{FFD6CA21-8691-4124-B7D6-70AB78BD29C5}.Debug|Any CPU.ActiveCfg = Debug|Any CPU
		{FFD6CA21-8691-4124-B7D6-70AB78BD29C5}.Debug|Any CPU.Build.0 = Debug|Any CPU
		{FFD6CA21-8691-4124-B7D6-70AB78BD29C5}.Release|Any CPU.ActiveCfg = Debug|Any CPU
		{FFD6CA21-8691-4124-B7D6-70AB78BD29C5}.Release|Any CPU.Build.0 = Debug|Any CPU
	EndGlobalSection
	GlobalSection(SolutionProperties) = preSolution
		HideSolutionNode = FALSE
	EndGlobalSection
	GlobalSection(NestedProjects) = preSolution
		{80986345-002E-4765-BC0C-EBED26F4612E} = {F030C13E-426F-4642-9885-7AD7CBF2F563}
		{4EF7346C-F145-4206-AB19-7F541AA0134B} = {6ED86963-66AF-496F-95C1-DC9E5CAB9921}
		{CD6F4B84-7662-454E-BBE5-0C07CB426A83} = {7AAA0B07-DAFD-4593-B494-F7DCB9CE3AEA}
		{7AAA0B07-DAFD-4593-B494-F7DCB9CE3AEA} = {9C24E9CF-2F55-4485-B0B3-E024D2946388}
		{F030C13E-426F-4642-9885-7AD7CBF2F563} = {9C24E9CF-2F55-4485-B0B3-E024D2946388}
		{6ED86963-66AF-496F-95C1-DC9E5CAB9921} = {9C24E9CF-2F55-4485-B0B3-E024D2946388}
		{FFD6CA21-8691-4124-B7D6-70AB78BD29C5} = {7B704E9B-624D-4A9C-85D5-CBDF2EC0F26A}
	EndGlobalSection
EndGlobal
