
Microsoft Visual Studio Solution File, Format Version 12.00
# Visual Studio 14
VisualStudioVersion = 14.0.25420.1
MinimumVisualStudioVersion = 10.0.40219.1
Project("{FAE04EC0-301F-11D3-BF4B-00C04F79EFBC}") = "Odata", "Odata\Odata.csproj", "{80986345-002E-4765-BC0C-EBED26F4612E}"
EndProject
Project("{FAE04EC0-301F-11D3-BF4B-00C04F79EFBC}") = "ArrayVsList", "ArrayVsList\ArrayVsList.csproj", "{4EF7346C-F145-4206-AB19-7F541AA0134B}"
EndProject
Global
	GlobalSection(SolutionConfigurationPlatforms) = preSolution
		Debug|Any CPU = Debug|Any CPU
		Release|Any CPU = Release|Any CPU
	EndGlobalSection
	GlobalSection(ProjectConfigurationPlatforms) = postSolution
		{80986345-002E-4765-BC0C-EBED26F4612E}.Debug|Any CPU.ActiveCfg = Debug|Any CPU
		{80986345-002E-4765-BC0C-EBED26F4612E}.Debug|Any CPU.Build.0 = Debug|Any CPU
		{80986345-002E-4765-BC0C-EBED26F4612E}.Release|Any CPU.ActiveCfg = Release|Any CPU
		{80986345-002E-4765-BC0C-EBED26F4612E}.Release|Any CPU.Build.0 = Release|Any CPU
		{4EF7346C-F145-4206-AB19-7F541AA0134B}.Debug|Any CPU.ActiveCfg = Debug|Any CPU
		{4EF7346C-F145-4206-AB19-7F541AA0134B}.Debug|Any CPU.Build.0 = Debug|Any CPU
		{4EF7346C-F145-4206-AB19-7F541AA0134B}.Release|Any CPU.ActiveCfg = Release|Any CPU
		{4EF7346C-F145-4206-AB19-7F541AA0134B}.Release|Any CPU.Build.0 = Release|Any CPU
	EndGlobalSection
	GlobalSection(SolutionProperties) = preSolution
		HideSolutionNode = FALSE
	EndGlobalSection
EndGlobal
